// !$*UTF8*$!
{
	archiveVersion = 1;
	classes = {
	};
	objectVersion = 48;
	objects = {

/* Begin PBXBuildFile section */
		983DD1E720373B1D007196C0 /* main.swift in Sources */ = {isa = PBXBuildFile; fileRef = 983DD1E620373B1D007196C0 /* main.swift */; };
		983DD1EE20373D74007196C0 /* Book.swift in Sources */ = {isa = PBXBuildFile; fileRef = 983DD1ED20373D74007196C0 /* Book.swift */; };
		983DD1F020373EF4007196C0 /* Pool.swift in Sources */ = {isa = PBXBuildFile; fileRef = 983DD1EF20373EF4007196C0 /* Pool.swift */; };
		983DD1F22037429D007196C0 /* Library.swift in Sources */ = {isa = PBXBuildFile; fileRef = 983DD1F12037429D007196C0 /* Library.swift */; };
/* End PBXBuildFile section */

/* Begin PBXCopyFilesBuildPhase section */
		983DD1E120373B1D007196C0 /* CopyFiles */ = {
			isa = PBXCopyFilesBuildPhase;
			buildActionMask = 2147483647;
			dstPath = /usr/share/man/man1/;
			dstSubfolderSpec = 0;
			files = (
			);
			runOnlyForDeploymentPostprocessing = 1;
		};
/* End PBXCopyFilesBuildPhase section */

/* Begin PBXFileReference section */
		983DD1E320373B1D007196C0 /* ToyObjectPoolPattern */ = {isa = PBXFileReference; explicitFileType = "compiled.mach-o.executable"; includeInIndex = 0; path = ToyObjectPoolPattern; sourceTree = BUILT_PRODUCTS_DIR; };
		983DD1E620373B1D007196C0 /* main.swift */ = {isa = PBXFileReference; lastKnownFileType = sourcecode.swift; path = main.swift; sourceTree = "<group>"; };
		983DD1ED20373D74007196C0 /* Book.swift */ = {isa = PBXFileReference; lastKnownFileType = sourcecode.swift; path = Book.swift; sourceTree = "<group>"; };
		983DD1EF20373EF4007196C0 /* Pool.swift */ = {isa = PBXFileReference; lastKnownFileType = sourcecode.swift; path = Pool.swift; sourceTree = "<group>"; };
		983DD1F12037429D007196C0 /* Library.swift */ = {isa = PBXFileReference; lastKnownFileType = sourcecode.swift; path = Library.swift; sourceTree = "<group>"; };
/* End PBXFileReference section */

/* Begin PBXFrameworksBuildPhase section */
		983DD1E020373B1D007196C0 /* Frameworks */ = {
			isa = PBXFrameworksBuildPhase;
			buildActionMask = 2147483647;
			files = (
			);
			runOnlyForDeploymentPostprocessing = 0;
		};
/* End PBXFrameworksBuildPhase section */

/* Begin PBXGroup section */
		983DD1DA20373B1D007196C0 = {
			isa = PBXGroup;
			children = (
				983DD1E520373B1D007196C0 /* ToyObjectPoolPattern */,
				983DD1E420373B1D007196C0 /* Products */,
			);
			sourceTree = "<group>";
		};
		983DD1E420373B1D007196C0 /* Products */ = {
			isa = PBXGroup;
			children = (
				983DD1E320373B1D007196C0 /* ToyObjectPoolPattern */,
			);
			name = Products;
			sourceTree = "<group>";
		};
		983DD1E520373B1D007196C0 /* ToyObjectPoolPattern */ = {
			isa = PBXGroup;
			children = (
				983DD1E620373B1D007196C0 /* main.swift */,
				983DD1EF20373EF4007196C0 /* Pool.swift */,
				983DD1ED20373D74007196C0 /* Book.swift */,
				983DD1F12037429D007196C0 /* Library.swift */,
			);
			path = ToyObjectPoolPattern;
			sourceTree = "<group>";
		};
/* End PBXGroup section */

/* Begin PBXNativeTarget section */
		983DD1E220373B1D007196C0 /* ToyObjectPoolPattern */ = {
			isa = PBXNativeTarget;
			buildConfigurationList = 983DD1EA20373B1D007196C0 /* Build configuration list for PBXNativeTarget "ToyObjectPoolPattern" */;
			buildPhases = (
				983DD1DF20373B1D007196C0 /* Sources */,
				983DD1E020373B1D007196C0 /* Frameworks */,
				983DD1E120373B1D007196C0 /* CopyFiles */,
			);
			buildRules = (
			);
			dependencies = (
			);
			name = ToyObjectPoolPattern;
			productName = ToyObjectPoolPattern;
			productReference = 983DD1E320373B1D007196C0 /* ToyObjectPoolPattern */;
			productType = "com.apple.product-type.tool";
		};
/* End PBXNativeTarget section */

/* Begin PBXProject section */
		983DD1DB20373B1D007196C0 /* Project object */ = {
			isa = PBXProject;
			attributes = {
				LastSwiftUpdateCheck = 0920;
				LastUpgradeCheck = 0920;
				ORGANIZATIONNAME = "Faiz Mokhtar";
				TargetAttributes = {
					983DD1E220373B1D007196C0 = {
						CreatedOnToolsVersion = 9.2;
						ProvisioningStyle = Automatic;
					};
				};
			};
			buildConfigurationList = 983DD1DE20373B1D007196C0 /* Build configuration list for PBXProject "ToyObjectPoolPattern" */;
			compatibilityVersion = "Xcode 8.0";
			developmentRegion = en;
			hasScannedForEncodings = 0;
			knownRegions = (
				en,
			);
			mainGroup = 983DD1DA20373B1D007196C0;
			productRefGroup = 983DD1E420373B1D007196C0 /* Products */;
			projectDirPath = "";
			projectRoot = "";
			targets = (
				983DD1E220373B1D007196C0 /* ToyObjectPoolPattern */,
			);
		};
/* End PBXProject section */

/* Begin PBXSourcesBuildPhase section */
		983DD1DF20373B1D007196C0 /* Sources */ = {
			isa = PBXSourcesBuildPhase;
			buildActionMask = 2147483647;
			files = (
				983DD1F020373EF4007196C0 /* Pool.swift in Sources */,
				983DD1F22037429D007196C0 /* Library.swift in Sources */,
				983DD1EE20373D74007196C0 /* Book.swift in Sources */,
				983DD1E720373B1D007196C0 /* main.swift in Sources */,
			);
			runOnlyForDeploymentPostprocessing = 0;
		};
/* End PBXSourcesBuildPhase section */

/* Begin XCBuildConfiguration section */
		983DD1E820373B1D007196C0 /* Debug */ = {
			isa = XCBuildConfiguration;
			buildSettings = {
				ALWAYS_SEARCH_USER_PATHS = NO;
				CLANG_ANALYZER_NONNULL = YES;
				CLANG_ANALYZER_NUMBER_OBJECT_CONVERSION = YES_AGGRESSIVE;
				CLANG_CXX_LANGUAGE_STANDARD = "gnu++14";
				CLANG_CXX_LIBRARY = "libc++";
				CLANG_ENABLE_MODULES = YES;
				CLANG_ENABLE_OBJC_ARC = YES;
				CLANG_WARN_BLOCK_CAPTURE_AUTORELEASING = YES;
				CLANG_WARN_BOOL_CONVERSION = YES;
				CLANG_WARN_COMMA = YES;
				CLANG_WARN_CONSTANT_CONVERSION = YES;
				CLANG_WARN_DIRECT_OBJC_ISA_USAGE = YES_ERROR;
				CLANG_WARN_DOCUMENTATION_COMMENTS = YES;
				CLANG_WARN_EMPTY_BODY = YES;
				CLANG_WARN_ENUM_CONVERSION = YES;
				CLANG_WARN_INFINITE_RECURSION = YES;
				CLANG_WARN_INT_CONVERSION = YES;
				CLANG_WARN_NON_LITERAL_NULL_CONVERSION = YES;
				CLANG_WARN_OBJC_LITERAL_CONVERSION = YES;
				CLANG_WARN_OBJC_ROOT_CLASS = YES_ERROR;
				CLANG_WARN_RANGE_LOOP_ANALYSIS = YES;
				CLANG_WARN_STRICT_PROTOTYPES = YES;
				CLANG_WARN_SUSPICIOUS_MOVE = YES;
				CLANG_WARN_UNGUARDED_AVAILABILITY = YES_AGGRESSIVE;
				CLANG_WARN_UNREACHABLE_CODE = YES;
				CLANG_WARN__DUPLICATE_METHOD_MATCH = YES;
				CODE_SIGN_IDENTITY = "Mac Developer";
				COPY_PHASE_STRIP = NO;
				DEBUG_INFORMATION_FORMAT = dwarf;
				ENABLE_STRICT_OBJC_MSGSEND = YES;
				ENABLE_TESTABILITY = YES;
				GCC_C_LANGUAGE_STANDARD = gnu11;
				GCC_DYNAMIC_NO_PIC = NO;
				GCC_NO_COMMON_BLOCKS = YES;
				GCC_OPTIMIZATION_LEVEL = 0;
				GCC_PREPROCESSOR_DEFINITIONS = (
					"DEBUG=1",
					"$(inherited)",
				);
				GCC_WARN_64_TO_32_BIT_CONVERSION = YES;
				GCC_WARN_ABOUT_RETURN_TYPE = YES_ERROR;
				GCC_WARN_UNDECLARED_SELECTOR = YES;
				GCC_WARN_UNINITIALIZED_AUTOS = YES_AGGRESSIVE;
				GCC_WARN_UNUSED_FUNCTION = YES;
				GCC_WARN_UNUSED_VARIABLE = YES;
				MACOSX_DEPLOYMENT_TARGET = 10.13;
				MTL_ENABLE_DEBUG_INFO = YES;
				ONLY_ACTIVE_ARCH = YES;
				SDKROOT = macosx;
				SWIFT_ACTIVE_COMPILATION_CONDITIONS = DEBUG;
				SWIFT_OPTIMIZATION_LEVEL = "-Onone";
			};
			name = Debug;
		};
		983DD1E920373B1D007196C0 /* Release */ = {
			isa = XCBuildConfiguration;
			buildSettings = {
				ALWAYS_SEARCH_USER_PATHS = NO;
				CLANG_ANALYZER_NONNULL = YES;
				CLANG_ANALYZER_NUMBER_OBJECT_CONVERSION = YES_AGGRESSIVE;
				CLANG_CXX_LANGUAGE_STANDARD = "gnu++14";
				CLANG_CXX_LIBRARY = "libc++";
				CLANG_ENABLE_MODULES = YES;
				CLANG_ENABLE_OBJC_ARC = YES;
				CLANG_WARN_BLOCK_CAPTURE_AUTORELEASING = YES;
				CLANG_WARN_BOOL_CONVERSION = YES;
				CLANG_WARN_COMMA = YES;
				CLANG_WARN_CONSTANT_CONVERSION = YES;
				CLANG_WARN_DIRECT_OBJC_ISA_USAGE = YES_ERROR;
				CLANG_WARN_DOCUMENTATION_COMMENTS = YES;
				CLANG_WARN_EMPTY_BODY = YES;
				CLANG_WARN_ENUM_CONVERSION = YES;
				CLANG_WARN_INFINITE_RECURSION = YES;
				CLANG_WARN_INT_CONVERSION = YES;
				CLANG_WARN_NON_LITERAL_NULL_CONVERSION = YES;
				CLANG_WARN_OBJC_LITERAL_CONVERSION = YES;
				CLANG_WARN_OBJC_ROOT_CLASS = YES_ERROR;
				CLANG_WARN_RANGE_LOOP_ANALYSIS = YES;
				CLANG_WARN_STRICT_PROTOTYPES = YES;
				CLANG_WARN_SUSPICIOUS_MOVE = YES;
				CLANG_WARN_UNGUARDED_AVAILABILITY = YES_AGGRESSIVE;
				CLANG_WARN_UNREACHABLE_CODE = YES;
				CLANG_WARN__DUPLICATE_METHOD_MATCH = YES;
				CODE_SIGN_IDENTITY = "Mac Developer";
				COPY_PHASE_STRIP = NO;
				DEBUG_INFORMATION_FORMAT = "dwarf-with-dsym";
				ENABLE_NS_ASSERTIONS = NO;
				ENABLE_STRICT_OBJC_MSGSEND = YES;
				GCC_C_LANGUAGE_STANDARD = gnu11;
				GCC_NO_COMMON_BLOCKS = YES;
				GCC_WARN_64_TO_32_BIT_CONVERSION = YES;
				GCC_WARN_ABOUT_RETURN_TYPE = YES_ERROR;
				GCC_WARN_UNDECLARED_SELECTOR = YES;
				GCC_WARN_UNINITIALIZED_AUTOS = YES_AGGRESSIVE;
				GCC_WARN_UNUSED_FUNCTION = YES;
				GCC_WARN_UNUSED_VARIABLE = YES;
				MACOSX_DEPLOYMENT_TARGET = 10.13;
				MTL_ENABLE_DEBUG_INFO = NO;
				SDKROOT = macosx;
				SWIFT_OPTIMIZATION_LEVEL = "-Owholemodule";
			};
			name = Release;
		};
		983DD1EB20373B1D007196C0 /* Debug */ = {
			isa = XCBuildConfiguration;
			buildSettings = {
				CODE_SIGN_STYLE = Automatic;
				DEVELOPMENT_TEAM = 96ZJY6AYCD;
				PRODUCT_NAME = "$(TARGET_NAME)";
				SWIFT_VERSION = 4.0;
			};
			name = Debug;
		};
		983DD1EC20373B1D007196C0 /* Release */ = {
			isa = XCBuildConfiguration;
			buildSettings = {
				CODE_SIGN_STYLE = Automatic;
				DEVELOPMENT_TEAM = 96ZJY6AYCD;
				PRODUCT_NAME = "$(TARGET_NAME)";
				SWIFT_VERSION = 4.0;
			};
			name = Release;
		};
/* End XCBuildConfiguration section */

/* Begin XCConfigurationList section */
		983DD1DE20373B1D007196C0 /* Build configuration list for PBXProject "ToyObjectPoolPattern" */ = {
			isa = XCConfigurationList;
			buildConfigurations = (
				983DD1E820373B1D007196C0 /* Debug */,
				983DD1E920373B1D007196C0 /* Release */,
			);
			defaultConfigurationIsVisible = 0;
			defaultConfigurationName = Release;
		};
		983DD1EA20373B1D007196C0 /* Build configuration list for PBXNativeTarget "ToyObjectPoolPattern" */ = {
			isa = XCConfigurationList;
			buildConfigurations = (
				983DD1EB20373B1D007196C0 /* Debug */,
				983DD1EC20373B1D007196C0 /* Release */,
			);
			defaultConfigurationIsVisible = 0;
			defaultConfigurationName = Release;
		};
/* End XCConfigurationList section */
	};
	rootObject = 983DD1DB20373B1D007196C0 /* Project object */;
}
